PODS:
  - CombustionBLE (1.0.0):
    - NordicDFU
  - Flutter (1.0.0)
  - flutter_combustion_inc (0.0.1):
    - CombustionBLE
    - Flutter
  - NordicDFU (4.16.0):
    - ZIPFoundation (= 0.9.19)
  - ZIPFoundation (0.9.19)

DEPENDENCIES:
  - CombustionBLE (from `https://github.com/Toglefritz/combustion-ios-ble.git`)
  - Flutter (from `Flutter`)
  - flutter_combustion_inc (from `.symlinks/plugins/flutter_combustion_inc/ios`)

SPEC REPOS:
  trunk:
    - NordicDFU
    - ZIPFoundation

EXTERNAL SOURCES:
  CombustionBLE:
    :git: https://github.com/Toglefritz/combustion-ios-ble.git
  Flutter:
    :path: Flutter
  flutter_combustion_inc:
    :path: ".symlinks/plugins/flutter_combustion_inc/ios"

CHECKOUT OPTIONS:
  CombustionBLE:
    :commit: 0fceab17f9d665b6fcb1d8a07c37e820aa28b0da
    :git: https://github.com/Toglefritz/combustion-ios-ble.git

SPEC CHECKSUMS:
  CombustionBLE: bc3a3765b2ae09a8a58cf7fa8b7e5c6d9d153503
  Flutter: e0871f40cf51350855a761d2e70bf5af5b9b5de7
  flutter_combustion_inc: 3e62698c04eb39bff05c8e17eff0b2ff94faa058
  NordicDFU: 116a4ec458945889f8e0e71759e03b23c39c3482
  ZIPFoundation: b8c29ea7ae353b309bc810586181fd073cb3312c

PODFILE CHECKSUM: 049248d3ce894510c9daaecd15057c37693d53fa

COCOAPODS: 1.16.2
