PODS:
  - CombustionBLE (1.0.0):
    - NordicDFU
  - Flutter (1.0.0)
  - flutter_combustion_inc (0.0.1):
    - CombustionBLE
    - Flutter
  - NordicDFU (4.16.0):
    - ZIPFoundation (= 0.9.19)
  - ZIPFoundation (0.9.19)

DEPENDENCIES:
  - CombustionBLE (from `https://github.com/Toglefritz/combustion-ios-ble.git`, branch `main`)
  - Flutter (from `Flutter`)
  - flutter_combustion_inc (from `.symlinks/plugins/flutter_combustion_inc/ios`)

SPEC REPOS:
  trunk:
    - NordicDFU
    - ZIPFoundation

EXTERNAL SOURCES:
  CombustionBLE:
    :branch: main
    :git: https://github.com/Toglefritz/combustion-ios-ble.git
  Flutter:
    :path: Flutter
  flutter_combustion_inc:
    :path: ".symlinks/plugins/flutter_combustion_inc/ios"

CHECKOUT OPTIONS:
  CombustionBLE:
    :commit: 6775b83b31af445004c6d2305eb6931184130c4e
    :git: https://github.com/Toglefritz/combustion-ios-ble.git

SPEC CHECKSUMS:
  CombustionBLE: ce712f2720bfb104e8b4d137dc4a0db45759db68
  Flutter: cabc95a1d2626b1b06e7179b784ebcf0c0cde467
  flutter_combustion_inc: 3e62698c04eb39bff05c8e17eff0b2ff94faa058
  NordicDFU: 116a4ec458945889f8e0e71759e03b23c39c3482
  ZIPFoundation: b8c29ea7ae353b309bc810586181fd073cb3312c

PODFILE CHECKSUM: ccc0742b3759a2b55607feb5760c76164688c4f1

COCOAPODS: 1.16.2
